
Microsoft Visual Studio Solution File, Format Version 12.00
# Visual Studio Version 17
VisualStudioVersion = 17.11.35312.102
MinimumVisualStudioVersion = 10.0.40219.1
Project("{FAE04EC0-301F-11D3-BF4B-00C04F79EFBC}") = "c-sharp-backend", "c-sharp-backend\c-sharp-backend.csproj", "{7BEC8D8B-FB32-42B2-AD9C-58F780C74B95}"
EndProject
Global
	GlobalSection(SolutionConfigurationPlatforms) = preSolution
		Debug|Any CPU = Debug|Any CPU
		Release|Any CPU = Release|Any CPU
	EndGlobalSection
	GlobalSection(ProjectConfigurationPlatforms) = postSolution
		{7BEC8D8B-FB32-42B2-AD9C-58F780C74B95}.Debug|Any CPU.ActiveCfg = Debug|Any CPU
		{7BEC8D8B-FB32-42B2-AD9C-58F780C74B95}.Debug|Any CPU.Build.0 = Debug|Any CPU
		{7BEC8D8B-FB32-42B2-AD9C-58F780C74B95}.Release|Any CPU.ActiveCfg = Release|Any CPU
		{7BEC8D8B-FB32-42B2-AD9C-58F780C74B95}.Release|Any CPU.Build.0 = Release|Any CPU
	EndGlobalSection
	GlobalSection(SolutionProperties) = preSolution
		HideSolutionNode = FALSE
	EndGlobalSection
	GlobalSection(ExtensibilityGlobals) = postSolution
		SolutionGuid = {18E1C3E6-6100-48BE-9CFA-A9B27C97592C}
	EndGlobalSection
EndGlobal
